
Microsoft Visual Studio Solution File, Format Version 12.00
# Visual Studio Version 17
VisualStudioVersion = 17.0.31912.275
MinimumVisualStudioVersion = 10.0.40219.1
Project("{2150E333-8FDC-42A3-9474-1A3956D46DE8}") = "1 - Presentation", "1 - Presentation", "{EFF87889-B251-4AC7-988E-22B8BC6D07DB}"
EndProject
Project("{FAE04EC0-301F-11D3-BF4B-00C04F79EFBC}") = "Schedule.Web.UI", "Schedule.Web.UI\Schedule.Web.UI.csproj", "{1B726F83-96F0-46DD-B498-4028DD93D8DB}"
EndProject
Project("{2150E333-8FDC-42A3-9474-1A3956D46DE8}") = "2 - Services", "2 - Services", "{F1A992AC-0533-4FDE-81B0-16AC9DD3AA0D}"
EndProject
Project("{FAE04EC0-301F-11D3-BF4B-00C04F79EFBC}") = "Scheduler.Web.API", "Scheduler.Web.API\Scheduler.Web.API.csproj", "{F45661C4-4124-46D8-97D7-4E17451338D3}"
EndProject
Project("{2150E333-8FDC-42A3-9474-1A3956D46DE8}") = "3 - Application", "3 - Application", "{54A76F2F-0D3B-4563-ADB2-BDC81BC1569F}"
EndProject
Project("{FAE04EC0-301F-11D3-BF4B-00C04F79EFBC}") = "Scheduler.Web.Application", "Scheduler.Web.Application\Scheduler.Web.Application.csproj", "{1BFB62E8-D6AC-45C1-A125-A3F57DA1CF0E}"
EndProject
Project("{2150E333-8FDC-42A3-9474-1A3956D46DE8}") = "4 - Domain", "4 - Domain", "{11AB5738-802B-46FE-B412-A347860D39DA}"
EndProject
Project("{2150E333-8FDC-42A3-9474-1A3956D46DE8}") = "4.1 - Domain", "4.1 - Domain", "{5978C0CF-BE8B-4367-930B-1FD5FF61343D}"
EndProject
Project("{2150E333-8FDC-42A3-9474-1A3956D46DE8}") = "4.2 - Core", "4.2 - Core", "{FBD31AAD-70D5-4278-94FA-9E6C6FE2C84A}"
EndProject
Project("{FAE04EC0-301F-11D3-BF4B-00C04F79EFBC}") = "Scheduler.Web.Domain", "Scheduler.Web.Domain\Scheduler.Web.Domain.csproj", "{89D42436-8BEC-4880-9933-5CE0D6547677}"
EndProject
Project("{FAE04EC0-301F-11D3-BF4B-00C04F79EFBC}") = "Scheduler.Web.Domain.Core", "Scheduler.Web.Domain.Core\Scheduler.Web.Domain.Core.csproj", "{71B84CA1-6B2C-44D8-9DAA-41A89FE5DBCD}"
EndProject
Project("{2150E333-8FDC-42A3-9474-1A3956D46DE8}") = "5 - Infra", "5 - Infra", "{5D568D5F-5590-4566-84BA-E9478C6B3109}"
EndProject
Project("{2150E333-8FDC-42A3-9474-1A3956D46DE8}") = "5.1 - Bus", "5.1 - Bus", "{E4485E00-93F2-48AA-B98B-24D15E214916}"
EndProject
Project("{2150E333-8FDC-42A3-9474-1A3956D46DE8}") = "5.2 - Data", "5.2 - Data", "{27F77CDB-5BB5-4CFE-886C-C8BF8D94A2B3}"
EndProject
Project("{2150E333-8FDC-42A3-9474-1A3956D46DE8}") = "5.3 - IoC", "5.3 - IoC", "{648CC8F2-236C-47F7-8371-C8D7A7C901D7}"
EndProject
Project("{FAE04EC0-301F-11D3-BF4B-00C04F79EFBC}") = "Scheduler.Web.Infra.Bus", "Scheduler.Web.Infra.Bus\Scheduler.Web.Infra.Bus.csproj", "{61351AA0-C2C0-4ECF-AD6C-B494E71D7F3F}"
EndProject
Project("{FAE04EC0-301F-11D3-BF4B-00C04F79EFBC}") = "Scheduler.Web.Infra.Data", "Scheduler.Web.Infra.Data\Scheduler.Web.Infra.Data.csproj", "{10ABE508-385E-4CD8-9345-8125F9134B29}"
EndProject
Project("{FAE04EC0-301F-11D3-BF4B-00C04F79EFBC}") = "Scheduler.Web.Infra.IoC", "Scheduler.Web.Infra.IoC\Scheduler.Web.Infra.IoC.csproj", "{B7BDA6B4-2B75-42B7-9935-17805503430D}"
EndProject
Global
	GlobalSection(SolutionConfigurationPlatforms) = preSolution
		Debug|Any CPU = Debug|Any CPU
		Release|Any CPU = Release|Any CPU
	EndGlobalSection
	GlobalSection(ProjectConfigurationPlatforms) = postSolution
		{1B726F83-96F0-46DD-B498-4028DD93D8DB}.Debug|Any CPU.ActiveCfg = Debug|Any CPU
		{1B726F83-96F0-46DD-B498-4028DD93D8DB}.Debug|Any CPU.Build.0 = Debug|Any CPU
		{1B726F83-96F0-46DD-B498-4028DD93D8DB}.Release|Any CPU.ActiveCfg = Release|Any CPU
		{1B726F83-96F0-46DD-B498-4028DD93D8DB}.Release|Any CPU.Build.0 = Release|Any CPU
		{F45661C4-4124-46D8-97D7-4E17451338D3}.Debug|Any CPU.ActiveCfg = Debug|Any CPU
		{F45661C4-4124-46D8-97D7-4E17451338D3}.Debug|Any CPU.Build.0 = Debug|Any CPU
		{F45661C4-4124-46D8-97D7-4E17451338D3}.Release|Any CPU.ActiveCfg = Release|Any CPU
		{F45661C4-4124-46D8-97D7-4E17451338D3}.Release|Any CPU.Build.0 = Release|Any CPU
		{1BFB62E8-D6AC-45C1-A125-A3F57DA1CF0E}.Debug|Any CPU.ActiveCfg = Debug|Any CPU
		{1BFB62E8-D6AC-45C1-A125-A3F57DA1CF0E}.Debug|Any CPU.Build.0 = Debug|Any CPU
		{1BFB62E8-D6AC-45C1-A125-A3F57DA1CF0E}.Release|Any CPU.ActiveCfg = Release|Any CPU
		{1BFB62E8-D6AC-45C1-A125-A3F57DA1CF0E}.Release|Any CPU.Build.0 = Release|Any CPU
		{89D42436-8BEC-4880-9933-5CE0D6547677}.Debug|Any CPU.ActiveCfg = Debug|Any CPU
		{89D42436-8BEC-4880-9933-5CE0D6547677}.Debug|Any CPU.Build.0 = Debug|Any CPU
		{89D42436-8BEC-4880-9933-5CE0D6547677}.Release|Any CPU.ActiveCfg = Release|Any CPU
		{89D42436-8BEC-4880-9933-5CE0D6547677}.Release|Any CPU.Build.0 = Release|Any CPU
		{71B84CA1-6B2C-44D8-9DAA-41A89FE5DBCD}.Debug|Any CPU.ActiveCfg = Debug|Any CPU
		{71B84CA1-6B2C-44D8-9DAA-41A89FE5DBCD}.Debug|Any CPU.Build.0 = Debug|Any CPU
		{71B84CA1-6B2C-44D8-9DAA-41A89FE5DBCD}.Release|Any CPU.ActiveCfg = Release|Any CPU
		{71B84CA1-6B2C-44D8-9DAA-41A89FE5DBCD}.Release|Any CPU.Build.0 = Release|Any CPU
		{61351AA0-C2C0-4ECF-AD6C-B494E71D7F3F}.Debug|Any CPU.ActiveCfg = Debug|Any CPU
		{61351AA0-C2C0-4ECF-AD6C-B494E71D7F3F}.Debug|Any CPU.Build.0 = Debug|Any CPU
		{61351AA0-C2C0-4ECF-AD6C-B494E71D7F3F}.Release|Any CPU.ActiveCfg = Release|Any CPU
		{61351AA0-C2C0-4ECF-AD6C-B494E71D7F3F}.Release|Any CPU.Build.0 = Release|Any CPU
		{10ABE508-385E-4CD8-9345-8125F9134B29}.Debug|Any CPU.ActiveCfg = Debug|Any CPU
		{10ABE508-385E-4CD8-9345-8125F9134B29}.Debug|Any CPU.Build.0 = Debug|Any CPU
		{10ABE508-385E-4CD8-9345-8125F9134B29}.Release|Any CPU.ActiveCfg = Release|Any CPU
		{10ABE508-385E-4CD8-9345-8125F9134B29}.Release|Any CPU.Build.0 = Release|Any CPU
		{B7BDA6B4-2B75-42B7-9935-17805503430D}.Debug|Any CPU.ActiveCfg = Debug|Any CPU
		{B7BDA6B4-2B75-42B7-9935-17805503430D}.Debug|Any CPU.Build.0 = Debug|Any CPU
		{B7BDA6B4-2B75-42B7-9935-17805503430D}.Release|Any CPU.ActiveCfg = Release|Any CPU
		{B7BDA6B4-2B75-42B7-9935-17805503430D}.Release|Any CPU.Build.0 = Release|Any CPU
	EndGlobalSection
	GlobalSection(SolutionProperties) = preSolution
		HideSolutionNode = FALSE
	EndGlobalSection
	GlobalSection(NestedProjects) = preSolution
		{1B726F83-96F0-46DD-B498-4028DD93D8DB} = {EFF87889-B251-4AC7-988E-22B8BC6D07DB}
		{F45661C4-4124-46D8-97D7-4E17451338D3} = {F1A992AC-0533-4FDE-81B0-16AC9DD3AA0D}
		{1BFB62E8-D6AC-45C1-A125-A3F57DA1CF0E} = {54A76F2F-0D3B-4563-ADB2-BDC81BC1569F}
		{5978C0CF-BE8B-4367-930B-1FD5FF61343D} = {11AB5738-802B-46FE-B412-A347860D39DA}
		{FBD31AAD-70D5-4278-94FA-9E6C6FE2C84A} = {11AB5738-802B-46FE-B412-A347860D39DA}
		{89D42436-8BEC-4880-9933-5CE0D6547677} = {5978C0CF-BE8B-4367-930B-1FD5FF61343D}
		{71B84CA1-6B2C-44D8-9DAA-41A89FE5DBCD} = {FBD31AAD-70D5-4278-94FA-9E6C6FE2C84A}
		{E4485E00-93F2-48AA-B98B-24D15E214916} = {5D568D5F-5590-4566-84BA-E9478C6B3109}
		{27F77CDB-5BB5-4CFE-886C-C8BF8D94A2B3} = {5D568D5F-5590-4566-84BA-E9478C6B3109}
		{648CC8F2-236C-47F7-8371-C8D7A7C901D7} = {5D568D5F-5590-4566-84BA-E9478C6B3109}
		{61351AA0-C2C0-4ECF-AD6C-B494E71D7F3F} = {E4485E00-93F2-48AA-B98B-24D15E214916}
		{10ABE508-385E-4CD8-9345-8125F9134B29} = {27F77CDB-5BB5-4CFE-886C-C8BF8D94A2B3}
		{B7BDA6B4-2B75-42B7-9935-17805503430D} = {648CC8F2-236C-47F7-8371-C8D7A7C901D7}
	EndGlobalSection
	GlobalSection(ExtensibilityGlobals) = postSolution
		SolutionGuid = {1992A5CE-3AAD-4713-8675-A3994F124746}
	EndGlobalSection
EndGlobal
